
Microsoft Visual Studio Solution File, Format Version 12.00
# Visual Studio Version 16
VisualStudioVersion = 16.0.31515.178
MinimumVisualStudioVersion = 10.0.40219.1
Project("{FAE04EC0-301F-11D3-BF4B-00C04F79EFBC}") = "CalculadoraPrestamos", "CalculadoraPrestamos\CalculadoraPrestamos.csproj", "{4E7930BD-230F-4C93-ABA7-79CB7FB6EAA2}"
EndProject
Project("{FAE04EC0-301F-11D3-BF4B-00C04F79EFBC}") = "Logica", "Logica\Logica.csproj", "{BB2E2AFF-C5E3-4839-A80B-20B62084B3E1}"
EndProject
Global
	GlobalSection(SolutionConfigurationPlatforms) = preSolution
		Debug|Any CPU = Debug|Any CPU
		Release|Any CPU = Release|Any CPU
	EndGlobalSection
	GlobalSection(ProjectConfigurationPlatforms) = postSolution
		{4E7930BD-230F-4C93-ABA7-79CB7FB6EAA2}.Debug|Any CPU.ActiveCfg = Debug|Any CPU
		{4E7930BD-230F-4C93-ABA7-79CB7FB6EAA2}.Debug|Any CPU.Build.0 = Debug|Any CPU
		{4E7930BD-230F-4C93-ABA7-79CB7FB6EAA2}.Release|Any CPU.ActiveCfg = Release|Any CPU
		{4E7930BD-230F-4C93-ABA7-79CB7FB6EAA2}.Release|Any CPU.Build.0 = Release|Any CPU
		{BB2E2AFF-C5E3-4839-A80B-20B62084B3E1}.Debug|Any CPU.ActiveCfg = Debug|Any CPU
		{BB2E2AFF-C5E3-4839-A80B-20B62084B3E1}.Debug|Any CPU.Build.0 = Debug|Any CPU
		{BB2E2AFF-C5E3-4839-A80B-20B62084B3E1}.Release|Any CPU.ActiveCfg = Release|Any CPU
		{BB2E2AFF-C5E3-4839-A80B-20B62084B3E1}.Release|Any CPU.Build.0 = Release|Any CPU
	EndGlobalSection
	GlobalSection(SolutionProperties) = preSolution
		HideSolutionNode = FALSE
	EndGlobalSection
	GlobalSection(ExtensibilityGlobals) = postSolution
		SolutionGuid = {A45FF6C7-3B5B-4B0E-8851-A1E1D0D9CFA6}
	EndGlobalSection
EndGlobal
